
Microsoft Visual Studio Solution File, Format Version 12.00
# Visual Studio 15
VisualStudioVersion = 15.0.28010.2016
MinimumVisualStudioVersion = 10.0.40219.1
Project("{FAE04EC0-301F-11D3-BF4B-00C04F79EFBC}") = "MetroidMapCreator", "MetroidMapCreator\MetroidMapCreator.csproj", "{533C204E-BF04-4670-A57B-99C68648347B}"
EndProject
Global
	GlobalSection(SolutionConfigurationPlatforms) = preSolution
		Debug|Any CPU = Debug|Any CPU
		Release|Any CPU = Release|Any CPU
	EndGlobalSection
	GlobalSection(ProjectConfigurationPlatforms) = postSolution
		{533C204E-BF04-4670-A57B-99C68648347B}.Debug|Any CPU.ActiveCfg = Debug|Any CPU
		{533C204E-BF04-4670-A57B-99C68648347B}.Debug|Any CPU.Build.0 = Debug|Any CPU
		{533C204E-BF04-4670-A57B-99C68648347B}.Release|Any CPU.ActiveCfg = Release|Any CPU
		{533C204E-BF04-4670-A57B-99C68648347B}.Release|Any CPU.Build.0 = Release|Any CPU
	EndGlobalSection
	GlobalSection(SolutionProperties) = preSolution
		HideSolutionNode = FALSE
	EndGlobalSection
	GlobalSection(ExtensibilityGlobals) = postSolution
		SolutionGuid = {9942A610-5D50-4F09-8BD9-92B57AFDEC31}
	EndGlobalSection
EndGlobal
